
Microsoft Visual Studio Solution File, Format Version 12.00
# Visual Studio Version 16
VisualStudioVersion = 16.0.30503.244
MinimumVisualStudioVersion = 10.0.40219.1
Project("{9A19103F-16F7-4668-BE54-9A1E7A4F7556}") = "ER.Data", "src\ER.Data\ER.Data.csproj", "{D4D70B26-A5BE-440D-BC3B-D31BF2AAAABC}"
EndProject
Project("{9A19103F-16F7-4668-BE54-9A1E7A4F7556}") = "ER.Domain", "src\ER.Domain\ER.Domain.csproj", "{CBA1D470-1B0C-41CE-80A9-6EE0080B3CCB}"
EndProject
Project("{9A19103F-16F7-4668-BE54-9A1E7A4F7556}") = "ER.Application", "src\ER.Application\ER.Application.csproj", "{767F75BD-B575-45CC-AA5D-C2B7336AA6B2}"
EndProject
Project("{9A19103F-16F7-4668-BE54-9A1E7A4F7556}") = "ER.Tests", "test\ER.Tests\ER.Tests.csproj", "{99E3D2E5-28E1-46C9-BDFF-E7E03B97580E}"
EndProject
Project("{FAE04EC0-301F-11D3-BF4B-00C04F79EFBC}") = "ER.MVC", "src\ER.MVC\ER.MVC.csproj", "{A16AD0C3-5E1A-43EB-AC05-EFB00F949D8B}"
EndProject
Global
	GlobalSection(SolutionConfigurationPlatforms) = preSolution
		Debug|Any CPU = Debug|Any CPU
		Release|Any CPU = Release|Any CPU
	EndGlobalSection
	GlobalSection(ProjectConfigurationPlatforms) = postSolution
		{D4D70B26-A5BE-440D-BC3B-D31BF2AAAABC}.Debug|Any CPU.ActiveCfg = Debug|Any CPU
		{D4D70B26-A5BE-440D-BC3B-D31BF2AAAABC}.Debug|Any CPU.Build.0 = Debug|Any CPU
		{D4D70B26-A5BE-440D-BC3B-D31BF2AAAABC}.Release|Any CPU.ActiveCfg = Release|Any CPU
		{D4D70B26-A5BE-440D-BC3B-D31BF2AAAABC}.Release|Any CPU.Build.0 = Release|Any CPU
		{CBA1D470-1B0C-41CE-80A9-6EE0080B3CCB}.Debug|Any CPU.ActiveCfg = Debug|Any CPU
		{CBA1D470-1B0C-41CE-80A9-6EE0080B3CCB}.Debug|Any CPU.Build.0 = Debug|Any CPU
		{CBA1D470-1B0C-41CE-80A9-6EE0080B3CCB}.Release|Any CPU.ActiveCfg = Release|Any CPU
		{CBA1D470-1B0C-41CE-80A9-6EE0080B3CCB}.Release|Any CPU.Build.0 = Release|Any CPU
		{767F75BD-B575-45CC-AA5D-C2B7336AA6B2}.Debug|Any CPU.ActiveCfg = Debug|Any CPU
		{767F75BD-B575-45CC-AA5D-C2B7336AA6B2}.Debug|Any CPU.Build.0 = Debug|Any CPU
		{767F75BD-B575-45CC-AA5D-C2B7336AA6B2}.Release|Any CPU.ActiveCfg = Release|Any CPU
		{767F75BD-B575-45CC-AA5D-C2B7336AA6B2}.Release|Any CPU.Build.0 = Release|Any CPU
		{99E3D2E5-28E1-46C9-BDFF-E7E03B97580E}.Debug|Any CPU.ActiveCfg = Debug|Any CPU
		{99E3D2E5-28E1-46C9-BDFF-E7E03B97580E}.Debug|Any CPU.Build.0 = Debug|Any CPU
		{99E3D2E5-28E1-46C9-BDFF-E7E03B97580E}.Release|Any CPU.ActiveCfg = Release|Any CPU
		{99E3D2E5-28E1-46C9-BDFF-E7E03B97580E}.Release|Any CPU.Build.0 = Release|Any CPU
		{A16AD0C3-5E1A-43EB-AC05-EFB00F949D8B}.Debug|Any CPU.ActiveCfg = Debug|Any CPU
		{A16AD0C3-5E1A-43EB-AC05-EFB00F949D8B}.Debug|Any CPU.Build.0 = Debug|Any CPU
		{A16AD0C3-5E1A-43EB-AC05-EFB00F949D8B}.Release|Any CPU.ActiveCfg = Release|Any CPU
		{A16AD0C3-5E1A-43EB-AC05-EFB00F949D8B}.Release|Any CPU.Build.0 = Release|Any CPU
	EndGlobalSection
	GlobalSection(SolutionProperties) = preSolution
		HideSolutionNode = FALSE
	EndGlobalSection
	GlobalSection(ExtensibilityGlobals) = postSolution
		SolutionGuid = {7AAB1664-E64A-4072-BE53-C5098404F3C0}
	EndGlobalSection
EndGlobal
